al.essio.dev/pkg/shellescape v1.5.1 h1:86HrALUujYS/h+GtqoB26SBEdkWfmMI6FubjXlsXyho=
al.essio.dev/pkg/shellescape v1.5.1/go.mod h1:6sIqp7X2P6mThCQ7twERpZTuigpr6KbZWtls1U8I890=
github.com/cpuguy83/go-md2man/v2 v2.0.6/go.mod h1:oOW0eioCTA6cOiMLiUPZOpcVxMig6NIQQ7OS05n1F4g=
github.com/danieljoos/wincred v1.2.2 h1:774zMFJrqaeYCK2W57BgAem/MLi6mtSE47MB6BOJ0i0=
github.com/danieljoos/wincred v1.2.2/go.mod h1:w7w4Utbrz8lqeMbDAK0lkNJUv5sAOkFi7nd/ogr0Uh8=
github.com/davecgh/go-spew v1.1.1 h1:vj9j/u1bqnvCEfJOwUhtlOARqs3+rkHYY13jYWTU97c=
github.com/davecgh/go-spew v1.1.1/go.mod h1:J7Y8YcW2NihsgmVo/mv3lAwl/skON4iLHjSsI+c5H38=
github.com/fatih/color v1.15.0 h1:kOqh6YHBtK8aywxGerMG2Eq3H6Qgoqeo13Bk2Mv/nBs=
github.com/fatih/color v1.15.0/go.mod h1:0h5ZqXfHYED7Bhv2ZJamyIOUej9KtShiJESRwBDUSsw=
github.com/felixge/httpsnoop v1.0.4 h1:NFTV2Zj1bL4mc9sqWACXbQFVBBg2W3GPvqp8/ESS2Wg=
github.com/felixge/httpsnoop v1.0.4/go.mod h1:m8KPJKqk1gH5J9DgRY2ASl2lWCfGKXixSwevea8zH2U=
github.com/frankban/quicktest v1.14.6 h1:7Xjx+VpznH+oBnejlPUj8oUpdxnVs4f8XU8WnHkI4W8=
github.com/frankban/quicktest v1.14.6/go.mod h1:4ptaffx2x8+WTWXmUCuVU6aPUX1/Mz7zb5vbUoiM6w0=
github.com/fsnotify/fsnotify v1.8.0 h1:dAwr6QBTBZIkG8roQaJjGof0pp0EeF+tNV7YBP3F/8M=
github.com/fsnotify/fsnotify v1.8.0/go.mod h1:8jBTzvmWwFyi3Pb8djgCCO5IBqzKJ/Jwo8TRcHyHii0=
github.com/go-logr/logr v1.2.2/go.mod h1:jdQByPbusPIv2/zmleS9BjJVeZ6kBagPoEUsqbVz/1A=
github.com/go-logr/logr v1.4.2 h1:6pFjapn8bFcIbiKo3XT4j/BhANplGihG6tvd+8rYgrY=
github.com/go-logr/logr v1.4.2/go.mod h1:9T104GzyrTigFIr8wt5mBrctHMim0Nb2HLGrmQ40KvY=
github.com/go-logr/stdr v1.2.2 h1:hSWxHoqTgW2S2qGc0LTAI563KZ5YKYRhT3MFKZMbjag=
github.com/go-logr/stdr v1.2.2/go.mod h1:mMo/vtBO5dYbehREoey6XUKy/eSumjCCveDpRre4VKE=
github.com/go-viper/mapstructure/v2 v2.2.1 h1:ZAaOCxANMuZx5RCeg0mBdEZk7DZasvvZIxtHqx8aGss=
github.com/go-viper/mapstructure/v2 v2.2.1/go.mod h1:oJDH3BJKyqBA2TXFhDsKDGDTlndYOZ6rGS0BRZIxGhM=
github.com/godbus/dbus/v5 v5.1.0 h1:4KLkAxT3aOY8Li4FRJe/KvhoNFFxo0m6fNuFUO8QJUk=
github.com/godbus/dbus/v5 v5.1.0/go.mod h1:xhWf0FNVPg57R7Z0UbKHbJfkEywrmjJnf7w5xrFpKfA=
github.com/google/go-cmp v0.6.0 h1:ofyhxvXcZhMsU5ulbFiLKl/XBFqE1GSq7atu8tAmTRI=
github.com/google/go-cmp v0.6.0/go.mod h1:17dUlkBOakJ0+DkrSSNjCkIjxS6bF9zb3elmeNGIjoY=
github.com/google/shlex v0.0.0-20191202100458-e7afc7fbc510 h1:El6M4kTTCOh6aBiKaUGG7oYTSPP8MxqL4YI3kZKwcP4=
github.com/google/shlex v0.0.0-20191202100458-e7afc7fbc510/go.mod h1:pupxD2MaaD3pAXIBCelhxNneeOaAeabZDe5s4K6zSpQ=
github.com/google/uuid v1.6.0 h1:NIvaJDMOsjHA8n1jAhLSgzrAzy1Hgr+hNrb57e+94F0=
github.com/google/uuid v1.6.0/go.mod h1:TIyPZe4MgqvfeYDBFedMoGGpEw/LqOeaOT+nhxU+yHo=
github.com/iancoleman/strcase v0.3.0 h1:nTXanmYxhfFAMjZL34Ov6gkzEsSJZ5DbhxWjvSASxEI=
github.com/iancoleman/strcase v0.3.0/go.mod h1:iwCmte+B7n89clKwxIoIXy/HfoL7AsD47ZCWhYzw7ho=
github.com/inconshreveable/mousetrap v1.1.0 h1:wN+x4NVGpMsO7ErUn/mUI3vEoE6Jt13X2s0bqwp9tc8=
github.com/inconshreveable/mousetrap v1.1.0/go.mod h1:vpF70FUmC8bwa3OWnCshd2FqLfsEA9PFc4w1p2J65bw=
github.com/karlseguin/ccache/v3 v3.0.5 h1:hFX25+fxzNjsRlREYsoGNa2LoVEw5mPF8wkWq/UnevQ=
github.com/karlseguin/ccache/v3 v3.0.5/go.mod h1:qxC372+Qn+IBj8Pe3KvGjHPj0sWwEF7AeZVhsNPZ6uY=
github.com/kr/pretty v0.3.1 h1:flRD4NNwYAUpkphVc1HcthR4KEIFJ65n8Mw5qdRn3LE=
github.com/kr/pretty v0.3.1/go.mod h1:hoEshYVHaxMs3cyo3Yncou5ZscifuDolrwPKZanG3xk=
github.com/kr/text v0.2.0 h1:5Nx0Ya0ZqY2ygV366QzturHI13Jq95ApcVaJBhpS+AY=
github.com/kr/text v0.2.0/go.mod h1:eLer722TekiGuMkidMxC/pM04lWEeraHUUmBw8l2grE=
github.com/mattn/go-colorable v0.1.13 h1:fFA4WZxdEF4tXPZVKMLwD8oUnCTTo08duU7wxecdEvA=
github.com/mattn/go-colorable v0.1.13/go.mod h1:7S9/ev0klgBDR4GtXTXX8a3vIGJpMovkB8vQcUbaXHg=
github.com/mattn/go-isatty v0.0.16/go.mod h1:kYGgaQfpe5nmfYZH+SKPsOc2e4SrIfOl2e/yFXSvRLM=
github.com/mattn/go-isatty v0.0.19 h1:JITubQf0MOLdlGRuRq+jtsDlekdYPia9ZFsB8h/APPA=
github.com/mattn/go-isatty v0.0.19/go.mod h1:W+V8PltTTMOvKvAeJH7IuucS94S2C6jfK/D7dTCTo3Y=
github.com/mattn/go-runewidth v0.0.16 h1:E5ScNMtiwvlvB5paMFdw9p4kSQzbXFikJ5SQO6TULQc=
github.com/mattn/go-runewidth v0.0.16/go.mod h1:Jdepj2loyihRzMpdS35Xk/zdY8IAYHsh153qUoGf23w=
github.com/monime-lab/gok v0.0.0-20241106111735-f8ac2f9bf647 h1:qBUvljTwdf9NSKIqKyhz08BMvB3+jiqNgqx0DT28u+c=
github.com/monime-lab/gok v0.0.0-20241106111735-f8ac2f9bf647/go.mod h1:6hBqkgEMe9DYRpxaG0YBXAi38cby/Gums2L0GlxGEXo=
github.com/monime-lab/gotries v0.1.2-0.20230722030820-0e8efc082234 h1:vEISs16n3FwlEulXGgCjp73jubgBevftmBipx5tVmAY=
github.com/monime-lab/gotries v0.1.2-0.20230722030820-0e8efc082234/go.mod h1:J/j6v36GCr4nlzoeIqvpvma/woGFZVo13dkEH1BcsQY=
github.com/monime-lab/gwater v0.0.0-20241129071209-41184a6790fa h1:qa6bFQvKldIbHgeT8D+2sG87qC4kLtxAn7U5DmRPJ4k=
github.com/monime-lab/gwater v0.0.0-20241129071209-41184a6790fa/go.mod h1:/asNpc6bW0wvCAddpnOQcTX3OlFA8eC6gazFwLqahqs=
github.com/monime-lab/sgdns-go v0.0.0-20231102164324-5f4152ddc71d h1:LDLuDhlMidVVcqRk7yBAdp17ZHQR4dUFtUJLMixQJbE=
github.com/monime-lab/sgdns-go v0.0.0-20231102164324-5f4152ddc71d/go.mod h1:56m4m9uH1D6gz/6oPpUFbyONbyfwstFmGtWIdkSze7k=
github.com/monime-lab/web-client-go v0.0.0-20250507073720-03ce4bc25de7 h1:hvr+SEvcdO0254X2mSqti2AG69y+KKKGgGCEbo/7LSI=
github.com/monime-lab/web-client-go v0.0.0-20250507073720-03ce4bc25de7/go.mod h1:b1mMlQQTKhnibBox2aRmH/UMeEQb4I8a7L/rBbsiV/I=
github.com/monime-lab/zk v0.0.0-20231028060011-d68b7a35ffe1 h1:E5A9MNYDNg9Q78QgFFIg62vV5d+KXQ16N08LcqwiKmg=
github.com/monime-lab/zk v0.0.0-20231028060011-d68b7a35ffe1/go.mod h1:nbJQRysiATvV1g/JH9+x033eDMokp2lsPlpynVmoz24=
github.com/monime-lab/zk-client v0.0.0-20231102161235-15bf62cfae10 h1:TIYOu3yMtQ70Yi4FcO1gaHLTH/XbIhe+ygxghvQuOFQ=
github.com/monime-lab/zk-client v0.0.0-20231102161235-15bf62cfae10/go.mod h1:7Ct6vKVSqkIhJ6i5r0ZtBhG9GkO3TbENSgR4aceS2nA=
github.com/olekukonko/errors v0.0.0-20250405072817-4e6d85265da6 h1:r3FaAI0NZK3hSmtTDrBVREhKULp8oUeqLT5Eyl2mSPo=
github.com/olekukonko/errors v0.0.0-20250405072817-4e6d85265da6/go.mod h1:ppzxA5jBKcO1vIpCXQ9ZqgDh8iwODz6OXIGKU8r5m4Y=
github.com/olekukonko/ll v0.0.8-0.20250516010636-22ea57d81985 h1:V2wKiwjwAfRJRtUP6pC7wt4opeF14enO0du2dRV6Llo=
github.com/olekukonko/ll v0.0.8-0.20250516010636-22ea57d81985/go.mod h1:En+sEW0JNETl26+K8eZ6/W4UQ7CYSrrgg/EdIYT2H8g=
github.com/olekukonko/tablewriter v1.0.6 h1:/T45mIHc5hcEvibgzBzvMy7ruT+RjgoQRvkHbnl6OWA=
github.com/olekukonko/tablewriter v1.0.6/go.mod h1:SJ0MV1aHb/89fLcsBMXMp30Xg3g5eGoOUu0RptEk4AU=
github.com/pelletier/go-toml/v2 v2.2.3 h1:YmeHyLY8mFWbdkNWwpr+qIL2bEqT0o95WSdkNHvL12M=
github.com/pelletier/go-toml/v2 v2.2.3/go.mod h1:MfCQTFTvCcUyyvvwm1+G6H/jORL20Xlb6rzQu9GuUkc=
github.com/pmezard/go-difflib v1.0.0 h1:4DBwDE0NGyQoBHbLQYPwSUPoCMWR5BEzIk/f1lZbAQM=
github.com/pmezard/go-difflib v1.0.0/go.mod h1:iKH77koFhYxTK1pcRnkKkqfTogsbg7gZNVY4sRDYZ/4=
github.com/rivo/uniseg v0.2.0 h1:S1pD9weZBuJdFmowNwbpi7BJ8TNftyUImj/0WQi72jY=
github.com/rivo/uniseg v0.2.0/go.mod h1:J6wj4VEh+S6ZtnVlnTBMWIodfgj8LQOQFoIToxlJtxc=
github.com/rogpeppe/go-internal v1.9.0 h1:73kH8U+JUqXU8lRuOHeVHaa/SZPifC7BkcraZVejAe8=
github.com/rogpeppe/go-internal v1.9.0/go.mod h1:WtVeX8xhTBvf0smdhujwtBcq4Qrzq/fJaraNFVN+nFs=
github.com/russross/blackfriday/v2 v2.1.0/go.mod h1:+Rmxgy9KzJVeS9/2gXHxylqXiyQDYRxCVz55jmeOWTM=
github.com/sagikazarmark/locafero v0.7.0 h1:5MqpDsTGNDhY8sGp0Aowyf0qKsPrhewaLSsFaodPcyo=
github.com/sagikazarmark/locafero v0.7.0/go.mod h1:2za3Cg5rMaTMoG/2Ulr9AwtFaIppKXTRYnozin4aB5k=
github.com/sourcegraph/conc v0.3.0 h1:OQTbbt6P72L20UqAkXXuLOj79LfEanQ+YQFNpLA9ySo=
github.com/sourcegraph/conc v0.3.0/go.mod h1:Sdozi7LEKbFPqYX2/J+iBAM6HpqSLTASQIKqDmF7Mt0=
github.com/spf13/afero v1.12.0 h1:UcOPyRBYczmFn6yvphxkn9ZEOY65cpwGKb5mL36mrqs=
github.com/spf13/afero v1.12.0/go.mod h1:ZTlWwG4/ahT8W7T0WQ5uYmjI9duaLQGy3Q2OAl4sk/4=
github.com/spf13/cast v1.7.1 h1:cuNEagBQEHWN1FnbGEjCXL2szYEXqfJPbP2HNUaca9Y=
github.com/spf13/cast v1.7.1/go.mod h1:ancEpBxwJDODSW/UG4rDrAqiKolqNNh2DX3mk86cAdo=
github.com/spf13/cobra v1.9.1 h1:CXSaggrXdbHK9CF+8ywj8Amf7PBRmPCOJugH954Nnlo=
github.com/spf13/cobra v1.9.1/go.mod h1:nDyEzZ8ogv936Cinf6g1RU9MRY64Ir93oCnqb9wxYW0=
github.com/spf13/pflag v1.0.6 h1:jFzHGLGAlb3ruxLB8MhbI6A8+AQX/2eW4qeyNZXNp2o=
github.com/spf13/pflag v1.0.6/go.mod h1:McXfInJRrz4CZXVZOBLb0bTZqETkiAhM9Iw0y3An2Bg=
github.com/spf13/viper v1.20.1 h1:ZMi+z/lvLyPSCoNtFCpqjy0S4kPbirhpTMwl8BkW9X4=
github.com/spf13/viper v1.20.1/go.mod h1:P9Mdzt1zoHIG8m2eZQinpiBjo6kCmZSKBClNNqjJvu4=
github.com/stretchr/objx v0.5.2 h1:xuMeJ0Sdp5ZMRXx/aWO6RZxdr3beISkG5/G/aIRr3pY=
github.com/stretchr/objx v0.5.2/go.mod h1:FRsXN1f5AsAjCGJKqEizvkpNtU+EGNCLh3NxZ/8L+MA=
github.com/stretchr/testify v1.10.0 h1:Xv5erBjTwe/5IxqUQTdXv5kgmIvbHo3QQyRwhJsOfJA=
github.com/stretchr/testify v1.10.0/go.mod h1:r2ic/lqez/lEtzL7wO/rwa5dbSLXVDPFyf8C91i36aY=
github.com/subosito/gotenv v1.6.0 h1:9NlTDc1FTs4qu0DDq7AEtTPNw6SVm7uBMsUCUjABIf8=
github.com/subosito/gotenv v1.6.0/go.mod h1:Dk4QP5c2W3ibzajGcXpNraDfq2IrhjMIvMSWPKKo0FU=
github.com/zalando/go-keyring v0.2.6 h1:r7Yc3+H+Ux0+M72zacZoItR3UDxeWfKTcabvkI8ua9s=
github.com/zalando/go-keyring v0.2.6/go.mod h1:2TCrxYrbUNYfNS/Kgy/LSrkSQzZ5UPVH85RwfczwvcI=
go.opentelemetry.io/contrib/instrumentation/net/http/otelhttp v0.54.0 h1:TT4fX+nBOA/+LUkobKGW1ydGcn+G3vRw9+g5HwCphpk=
go.opentelemetry.io/contrib/instrumentation/net/http/otelhttp v0.54.0/go.mod h1:L7UH0GbB0p47T4Rri3uHjbpCFYrVrwc1I25QhNPiGK8=
go.opentelemetry.io/otel v1.29.0 h1:PdomN/Al4q/lN6iBJEN3AwPvUiHPMlt93c8bqTG5Llw=
go.opentelemetry.io/otel v1.29.0/go.mod h1:N/WtXPs1CNCUEx+Agz5uouwCba+i+bJGFicT8SR4NP8=
go.opentelemetry.io/otel/metric v1.29.0 h1:vPf/HFWTNkPu1aYeIsc98l4ktOQaL6LeSoeV2g+8YLc=
go.opentelemetry.io/otel/metric v1.29.0/go.mod h1:auu/QWieFVWx+DmQOUMgj0F8LHWdgalxXqvp7BII/W8=
go.opentelemetry.io/otel/trace v1.29.0 h1:J/8ZNK4XgR7a21DZUAsbF8pZ5Jcw1VhACmnYt39JTi4=
go.opentelemetry.io/otel/trace v1.29.0/go.mod h1:eHl3w0sp3paPkYstJOmAimxhiFXPg+MMTlEh3nsQgWQ=
go.uber.org/goleak v1.2.0 h1:xqgm/S+aQvhWFTtR0XK3Jvg7z8kGV8P4X14IzwN3Eqk=
go.uber.org/goleak v1.2.0/go.mod h1:XJYK+MuIchqpmGmUSAzotztawfKvYLUIgg7guXrwVUo=
go.uber.org/multierr v1.11.0 h1:blXXJkSxSSfBVBlC76pxqeO+LN3aDfLQo+309xJstO0=
go.uber.org/multierr v1.11.0/go.mod h1:20+QtiLqy0Nd6FdQB9TLXag12DsQkrbs3htMFfDN80Y=
go.uber.org/zap v1.26.0 h1:sI7k6L95XOKS281NhVKOFCUNIvv9e0w4BF8N3u+tCRo=
go.uber.org/zap v1.26.0/go.mod h1:dtElttAiwGvoJ/vj4IwHBS/gXsEu/pZ50mUIRWuG0so=
golang.org/x/crypto v0.36.0 h1:AnAEvhDddvBdpY+uR+MyHmuZzzNqXSe/GvuDeob5L34=
golang.org/x/crypto v0.36.0/go.mod h1:Y4J0ReaxCR1IMaabaSMugxJES1EpwhBHhv2bDHklZvc=
golang.org/x/net v0.38.0 h1:vRMAPTMaeGqVhG5QyLJHqNDwecKTomGeqbnfZyKlBI8=
golang.org/x/net v0.38.0/go.mod h1:ivrbrMbzFq5J41QOQh0siUuly180yBYtLp+CKbEaFx8=
golang.org/x/sys v0.0.0-20220811171246-fbc7d0a398ab/go.mod h1:oPkhp1MJrh7nUepCBck5+mAzfO9JrbApNNgaTdGDITg=
golang.org/x/sys v0.6.0/go.mod h1:oPkhp1MJrh7nUepCBck5+mAzfO9JrbApNNgaTdGDITg=
golang.org/x/sys v0.31.0 h1:ioabZlmFYtWhL+TRYpcnNlLwhyxaM9kWTDEmfnprqik=
golang.org/x/sys v0.31.0/go.mod h1:BJP2sWEmIv4KK5OTEluFJCKSidICx8ciO85XgH3Ak8k=
golang.org/x/text v0.23.0 h1:D71I7dUrlY+VX0gQShAThNGHFxZ13dGLBHQLVl1mJlY=
golang.org/x/text v0.23.0/go.mod h1:/BLNzu4aZCJ1+kcD0DNRotWKage4q2rGVAg4o22unh4=
gopkg.in/check.v1 v0.0.0-20161208181325-20d25e280405/go.mod h1:Co6ibVJAznAaIkqp8huTwlJQCZ016jof/cbN4VW5Yz0=
gopkg.in/check.v1 v1.0.0-20190902080502-41f04d3bba15 h1:YR8cESwS4TdDjEe65xsg0ogRM/Nc3DYOhEAlW+xobZo=
gopkg.in/check.v1 v1.0.0-20190902080502-41f04d3bba15/go.mod h1:Co6ibVJAznAaIkqp8huTwlJQCZ016jof/cbN4VW5Yz0=
gopkg.in/yaml.v3 v3.0.1 h1:fxVm/GzAzEWqLHuvctI91KS9hhNmmWOoWu0XTYJS7CA=
gopkg.in/yaml.v3 v3.0.1/go.mod h1:K4uyk7z7BCEPqu6E+C64Yfv1cQ7kz7rIZviUmN+EgEM=
resty.dev/v3 v3.0.0-beta.2 h1:xu4mGAdbCLuc3kbk7eddWfWm4JfhwDtdapwss5nCjnQ=
resty.dev/v3 v3.0.0-beta.2/go.mod h1:OgkqiPvTDtOuV4MGZuUDhwOpkY8enjOsjjMzeOHefy4=
